github.com/alecthomas/assert/v2 v2.4.1 h1:mwPZod/d35nlaCppr6sFP0rbCL05WH9fIo7lvsf47zo=
github.com/alecthomas/assert/v2 v2.4.1/go.mod h1:fw5suVxB+wfYJ3291t0hRTqtGzFYdSwstnRQdaQx2DM=
github.com/alecthomas/repr v0.3.0 h1:NeYzUPfjjlqHY4KtzgKJiWd6sVq2eNUPTi34PiFGjY8=
github.com/alecthomas/repr v0.3.0/go.mod h1:Fr0507jx4eOXV7AlPV6AVZLYrLIuIeSOWtW57eE/O/4=
github.com/hexops/gotextdiff v1.0.3 h1:gitA9+qJrrTCsiCl7+kh75nPqQt1cx4ZkudSTLoUqJM=
github.com/hexops/gotextdiff v1.0.3/go.mod h1:pSWU5MAI3yDq+fZBTazCSJysOMbxWL1BSow5/V2vxeg=
